
Microsoft Visual Studio Solution File, Format Version 12.00
# Visual Studio Version 17
VisualStudioVersion = 17.13.35919.96
MinimumVisualStudioVersion = 10.0.40219.1
Project("{FAE04EC0-301F-11D3-BF4B-00C04F79EFBC}") = "University.Common", "University.Common\University.Common.csproj", "{105E210D-0C94-47CC-ABB4-8935E2C8BBBF}"
EndProject
Project("{FAE04EC0-301F-11D3-BF4B-00C04F79EFBC}") = "University.Console", "University.Console\University.Console.csproj", "{A15441C6-8CF1-4222-B0D8-98821CC1839B}"
EndProject
Project("{FAE04EC0-301F-11D3-BF4B-00C04F79EFBC}") = "University.Tests", "University.Tests\University.Tests.csproj", "{CA41220B-0A03-408C-9E41-7BFC09F0F07A}"
EndProject
Global
	GlobalSection(SolutionConfigurationPlatforms) = preSolution
		Debug|Any CPU = Debug|Any CPU
		Release|Any CPU = Release|Any CPU
	EndGlobalSection
	GlobalSection(ProjectConfigurationPlatforms) = postSolution
		{105E210D-0C94-47CC-ABB4-8935E2C8BBBF}.Debug|Any CPU.ActiveCfg = Debug|Any CPU
		{105E210D-0C94-47CC-ABB4-8935E2C8BBBF}.Debug|Any CPU.Build.0 = Debug|Any CPU
		{105E210D-0C94-47CC-ABB4-8935E2C8BBBF}.Release|Any CPU.ActiveCfg = Release|Any CPU
		{105E210D-0C94-47CC-ABB4-8935E2C8BBBF}.Release|Any CPU.Build.0 = Release|Any CPU
		{A15441C6-8CF1-4222-B0D8-98821CC1839B}.Debug|Any CPU.ActiveCfg = Debug|Any CPU
		{A15441C6-8CF1-4222-B0D8-98821CC1839B}.Debug|Any CPU.Build.0 = Debug|Any CPU
		{A15441C6-8CF1-4222-B0D8-98821CC1839B}.Release|Any CPU.ActiveCfg = Release|Any CPU
		{A15441C6-8CF1-4222-B0D8-98821CC1839B}.Release|Any CPU.Build.0 = Release|Any CPU
		{CA41220B-0A03-408C-9E41-7BFC09F0F07A}.Debug|Any CPU.ActiveCfg = Debug|Any CPU
		{CA41220B-0A03-408C-9E41-7BFC09F0F07A}.Debug|Any CPU.Build.0 = Debug|Any CPU
		{CA41220B-0A03-408C-9E41-7BFC09F0F07A}.Release|Any CPU.ActiveCfg = Release|Any CPU
		{CA41220B-0A03-408C-9E41-7BFC09F0F07A}.Release|Any CPU.Build.0 = Release|Any CPU
	EndGlobalSection
	GlobalSection(SolutionProperties) = preSolution
		HideSolutionNode = FALSE
	EndGlobalSection
	GlobalSection(ExtensibilityGlobals) = postSolution
		SolutionGuid = {EA6ED498-69D0-407D-B3D6-1D72AF4C39C2}
	EndGlobalSection
EndGlobal
